
Microsoft Visual Studio Solution File, Format Version 12.00
# Visual Studio Version 16
VisualStudioVersion = 16.0.33214.272
MinimumVisualStudioVersion = 10.0.40219.1
Project("{FAE04EC0-301F-11D3-BF4B-00C04F79EFBC}") = "SHotelManagementSystem", "SHotelManagementSystem\SHotelManagementSystem.csproj", "{F36E13D6-2DA1-4807-937A-79F76439FF93}"
EndProject
Global
	GlobalSection(SolutionConfigurationPlatforms) = preSolution
		Debug|Any CPU = Debug|Any CPU
		Release|Any CPU = Release|Any CPU
	EndGlobalSection
	GlobalSection(ProjectConfigurationPlatforms) = postSolution
		{F36E13D6-2DA1-4807-937A-79F76439FF93}.Debug|Any CPU.ActiveCfg = Debug|Any CPU
		{F36E13D6-2DA1-4807-937A-79F76439FF93}.Debug|Any CPU.Build.0 = Debug|Any CPU
		{F36E13D6-2DA1-4807-937A-79F76439FF93}.Release|Any CPU.ActiveCfg = Release|Any CPU
		{F36E13D6-2DA1-4807-937A-79F76439FF93}.Release|Any CPU.Build.0 = Release|Any CPU
	EndGlobalSection
	GlobalSection(SolutionProperties) = preSolution
		HideSolutionNode = FALSE
	EndGlobalSection
	GlobalSection(ExtensibilityGlobals) = postSolution
		SolutionGuid = {10C7CD49-1917-4E1F-85A4-6DBDAA4500D2}
	EndGlobalSection
EndGlobal
